// !$*UTF8*$!
{
	archiveVersion = 1;
	classes = {
	};
	objectVersion = 50;
	objects = {

/* Begin PBXBuildFile section */
		6F38B4E125553C7A002AD957 /* AppDelegate.swift in Sources */ = {isa = PBXBuildFile; fileRef = 6F38B4E025553C7A002AD957 /* AppDelegate.swift */; };
		6F38B4E325553C7A002AD957 /* SceneDelegate.swift in Sources */ = {isa = PBXBuildFile; fileRef = 6F38B4E225553C7A002AD957 /* SceneDelegate.swift */; };
		6F38B4E525553C7A002AD957 /* ViewController.swift in Sources */ = {isa = PBXBuildFile; fileRef = 6F38B4E425553C7A002AD957 /* ViewController.swift */; };
		6F38B4E825553C7B002AD957 /* Main.storyboard in Resources */ = {isa = PBXBuildFile; fileRef = 6F38B4E625553C7B002AD957 /* Main.storyboard */; };
		6F38B4EA25553C80002AD957 /* Assets.xcassets in Resources */ = {isa = PBXBuildFile; fileRef = 6F38B4E925553C80002AD957 /* Assets.xcassets */; };
		6F38B4ED25553C80002AD957 /* LaunchScreen.storyboard in Resources */ = {isa = PBXBuildFile; fileRef = 6F38B4EB25553C80002AD957 /* LaunchScreen.storyboard */; };
		6F38B4F6255540B3002AD957 /* DataManager.swift in Sources */ = {isa = PBXBuildFile; fileRef = 6F38B4F5255540B3002AD957 /* DataManager.swift */; };
		6F38B4FE2555436C002AD957 /* PlanetModel.swift in Sources */ = {isa = PBXBuildFile; fileRef = 6F38B4FD2555436C002AD957 /* PlanetModel.swift */; };
		9599525C25564AB000ADD650 /* testKate.swift in Sources */ = {isa = PBXBuildFile; fileRef = 9599525B25564AB000ADD650 /* testKate.swift */; };
		9599525F25566FD300ADD650 /* test_two.swift in Sources */ = {isa = PBXBuildFile; fileRef = 9599525E25566FD300ADD650 /* test_two.swift */; };
/* End PBXBuildFile section */

/* Begin PBXFileReference section */
		6F38B4DD25553C7A002AD957 /* solarSystem.app */ = {isa = PBXFileReference; explicitFileType = wrapper.application; includeInIndex = 0; path = solarSystem.app; sourceTree = BUILT_PRODUCTS_DIR; };
		6F38B4E025553C7A002AD957 /* AppDelegate.swift */ = {isa = PBXFileReference; lastKnownFileType = sourcecode.swift; path = AppDelegate.swift; sourceTree = "<group>"; };
		6F38B4E225553C7A002AD957 /* SceneDelegate.swift */ = {isa = PBXFileReference; lastKnownFileType = sourcecode.swift; path = SceneDelegate.swift; sourceTree = "<group>"; };
		6F38B4E425553C7A002AD957 /* ViewController.swift */ = {isa = PBXFileReference; lastKnownFileType = sourcecode.swift; path = ViewController.swift; sourceTree = "<group>"; };
		6F38B4E725553C7B002AD957 /* Base */ = {isa = PBXFileReference; lastKnownFileType = file.storyboard; name = Base; path = Base.lproj/Main.storyboard; sourceTree = "<group>"; };
		6F38B4E925553C80002AD957 /* Assets.xcassets */ = {isa = PBXFileReference; lastKnownFileType = folder.assetcatalog; path = Assets.xcassets; sourceTree = "<group>"; };
		6F38B4EC25553C80002AD957 /* Base */ = {isa = PBXFileReference; lastKnownFileType = file.storyboard; name = Base; path = Base.lproj/LaunchScreen.storyboard; sourceTree = "<group>"; };
		6F38B4EE25553C80002AD957 /* Info.plist */ = {isa = PBXFileReference; lastKnownFileType = text.plist.xml; path = Info.plist; sourceTree = "<group>"; };
		6F38B4F5255540B3002AD957 /* DataManager.swift */ = {isa = PBXFileReference; lastKnownFileType = sourcecode.swift; path = DataManager.swift; sourceTree = "<group>"; };
		6F38B4FD2555436C002AD957 /* PlanetModel.swift */ = {isa = PBXFileReference; lastKnownFileType = sourcecode.swift; path = PlanetModel.swift; sourceTree = "<group>"; };
		9599525B25564AB000ADD650 /* testKate.swift */ = {isa = PBXFileReference; lastKnownFileType = sourcecode.swift; path = testKate.swift; sourceTree = "<group>"; };
		9599525E25566FD300ADD650 /* test_two.swift */ = {isa = PBXFileReference; lastKnownFileType = sourcecode.swift; path = test_two.swift; sourceTree = "<group>"; };
/* End PBXFileReference section */

/* Begin PBXFrameworksBuildPhase section */
		6F38B4DA25553C7A002AD957 /* Frameworks */ = {
			isa = PBXFrameworksBuildPhase;
			buildActionMask = 2147483647;
			files = (
			);
			runOnlyForDeploymentPostprocessing = 0;
		};
/* End PBXFrameworksBuildPhase section */

/* Begin PBXGroup section */
		6F38B4D425553C7A002AD957 = {
			isa = PBXGroup;
			children = (
				6F38B4FD2555436C002AD957 /* PlanetModel.swift */,
				6F38B4F5255540B3002AD957 /* DataManager.swift */,
				6F38B4DF25553C7A002AD957 /* solarSystem */,
				6F38B4DE25553C7A002AD957 /* Products */,
			);
			sourceTree = "<group>";
		};
		6F38B4DE25553C7A002AD957 /* Products */ = {
			isa = PBXGroup;
			children = (
				6F38B4DD25553C7A002AD957 /* solarSystem.app */,
			);
			name = Products;
			sourceTree = "<group>";
		};
		6F38B4DF25553C7A002AD957 /* solarSystem */ = {
			isa = PBXGroup;
			children = (
				6F38B4E025553C7A002AD957 /* AppDelegate.swift */,
				6F38B4E225553C7A002AD957 /* SceneDelegate.swift */,
				6F38B4E425553C7A002AD957 /* ViewController.swift */,
				6F38B4E625553C7B002AD957 /* Main.storyboard */,
				9599525B25564AB000ADD650 /* testKate.swift */,
				6F38B4E925553C80002AD957 /* Assets.xcassets */,
				6F38B4EB25553C80002AD957 /* LaunchScreen.storyboard */,
				6F38B4EE25553C80002AD957 /* Info.plist */,
				9599525E25566FD300ADD650 /* test_two.swift */,
			);
			path = solarSystem;
			sourceTree = "<group>";
		};
/* End PBXGroup section */

/* Begin PBXNativeTarget section */
		6F38B4DC25553C7A002AD957 /* solarSystem */ = {
			isa = PBXNativeTarget;
			buildConfigurationList = 6F38B4F125553C80002AD957 /* Build configuration list for PBXNativeTarget "solarSystem" */;
			buildPhases = (
				6F38B4D925553C7A002AD957 /* Sources */,
				6F38B4DA25553C7A002AD957 /* Frameworks */,
				6F38B4DB25553C7A002AD957 /* Resources */,
			);
			buildRules = (
			);
			dependencies = (
			);
			name = solarSystem;
			productName = solarSystem;
			productReference = 6F38B4DD25553C7A002AD957 /* solarSystem.app */;
			productType = "com.apple.product-type.application";
		};
/* End PBXNativeTarget section */

/* Begin PBXProject section */
		6F38B4D525553C7A002AD957 /* Project object */ = {
			isa = PBXProject;
			attributes = {
				LastSwiftUpdateCheck = 1210;
				LastUpgradeCheck = 1210;
				TargetAttributes = {
					6F38B4DC25553C7A002AD957 = {
						CreatedOnToolsVersion = 12.1;
					};
				};
			};
			buildConfigurationList = 6F38B4D825553C7A002AD957 /* Build configuration list for PBXProject "solarSystem" */;
			compatibilityVersion = "Xcode 9.3";
			developmentRegion = en;
			hasScannedForEncodings = 0;
			knownRegions = (
				en,
				Base,
			);
			mainGroup = 6F38B4D425553C7A002AD957;
			productRefGroup = 6F38B4DE25553C7A002AD957 /* Products */;
			projectDirPath = "";
			projectRoot = "";
			targets = (
				6F38B4DC25553C7A002AD957 /* solarSystem */,
			);
		};
/* End PBXProject section */

/* Begin PBXResourcesBuildPhase section */
		6F38B4DB25553C7A002AD957 /* Resources */ = {
			isa = PBXResourcesBuildPhase;
			buildActionMask = 2147483647;
			files = (
				6F38B4ED25553C80002AD957 /* LaunchScreen.storyboard in Resources */,
				6F38B4EA25553C80002AD957 /* Assets.xcassets in Resources */,
				6F38B4E825553C7B002AD957 /* Main.storyboard in Resources */,
			);
			runOnlyForDeploymentPostprocessing = 0;
		};
/* End PBXResourcesBuildPhase section */

/* Begin PBXSourcesBuildPhase section */
		6F38B4D925553C7A002AD957 /* Sources */ = {
			isa = PBXSourcesBuildPhase;
			buildActionMask = 2147483647;
			files = (
				6F38B4FE2555436C002AD957 /* PlanetModel.swift in Sources */,
				6F38B4E525553C7A002AD957 /* ViewController.swift in Sources */,
				9599525C25564AB000ADD650 /* testKate.swift in Sources */,
				6F38B4F6255540B3002AD957 /* DataManager.swift in Sources */,
				6F38B4E125553C7A002AD957 /* AppDelegate.swift in Sources */,
				6F38B4E325553C7A002AD957 /* SceneDelegate.swift in Sources */,
				9599525F25566FD300ADD650 /* test_two.swift in Sources */,
			);
			runOnlyForDeploymentPostprocessing = 0;
		};
/* End PBXSourcesBuildPhase section */

/* Begin PBXVariantGroup section */
		6F38B4E625553C7B002AD957 /* Main.storyboard */ = {
			isa = PBXVariantGroup;
			children = (
				6F38B4E725553C7B002AD957 /* Base */,
			);
			name = Main.storyboard;
			sourceTree = "<group>";
		};
		6F38B4EB25553C80002AD957 /* LaunchScreen.storyboard */ = {
			isa = PBXVariantGroup;
			children = (
				6F38B4EC25553C80002AD957 /* Base */,
			);
			name = LaunchScreen.storyboard;
			sourceTree = "<group>";
		};
/* End PBXVariantGroup section */

/* Begin XCBuildConfiguration section */
		6F38B4EF25553C80002AD957 /* Debug */ = {
			isa = XCBuildConfiguration;
			buildSettings = {
				ALWAYS_SEARCH_USER_PATHS = NO;
				CLANG_ANALYZER_NONNULL = YES;
				CLANG_ANALYZER_NUMBER_OBJECT_CONVERSION = YES_AGGRESSIVE;
				CLANG_CXX_LANGUAGE_STANDARD = "gnu++14";
				CLANG_CXX_LIBRARY = "libc++";
				CLANG_ENABLE_MODULES = YES;
				CLANG_ENABLE_OBJC_ARC = YES;
				CLANG_ENABLE_OBJC_WEAK = YES;
				CLANG_WARN_BLOCK_CAPTURE_AUTORELEASING = YES;
				CLANG_WARN_BOOL_CONVERSION = YES;
				CLANG_WARN_COMMA = YES;
				CLANG_WARN_CONSTANT_CONVERSION = YES;
				CLANG_WARN_DEPRECATED_OBJC_IMPLEMENTATIONS = YES;
				CLANG_WARN_DIRECT_OBJC_ISA_USAGE = YES_ERROR;
				CLANG_WARN_DOCUMENTATION_COMMENTS = YES;
				CLANG_WARN_EMPTY_BODY = YES;
				CLANG_WARN_ENUM_CONVERSION = YES;
				CLANG_WARN_INFINITE_RECURSION = YES;
				CLANG_WARN_INT_CONVERSION = YES;
				CLANG_WARN_NON_LITERAL_NULL_CONVERSION = YES;
				CLANG_WARN_OBJC_IMPLICIT_RETAIN_SELF = YES;
				CLANG_WARN_OBJC_LITERAL_CONVERSION = YES;
				CLANG_WARN_OBJC_ROOT_CLASS = YES_ERROR;
				CLANG_WARN_QUOTED_INCLUDE_IN_FRAMEWORK_HEADER = YES;
				CLANG_WARN_RANGE_LOOP_ANALYSIS = YES;
				CLANG_WARN_STRICT_PROTOTYPES = YES;
				CLANG_WARN_SUSPICIOUS_MOVE = YES;
				CLANG_WARN_UNGUARDED_AVAILABILITY = YES_AGGRESSIVE;
				CLANG_WARN_UNREACHABLE_CODE = YES;
				CLANG_WARN__DUPLICATE_METHOD_MATCH = YES;
				COPY_PHASE_STRIP = NO;
				DEBUG_INFORMATION_FORMAT = dwarf;
				ENABLE_STRICT_OBJC_MSGSEND = YES;
				ENABLE_TESTABILITY = YES;
				GCC_C_LANGUAGE_STANDARD = gnu11;
				GCC_DYNAMIC_NO_PIC = NO;
				GCC_NO_COMMON_BLOCKS = YES;
				GCC_OPTIMIZATION_LEVEL = 0;
				GCC_PREPROCESSOR_DEFINITIONS = (
					"DEBUG=1",
					"$(inherited)",
				);
				GCC_WARN_64_TO_32_BIT_CONVERSION = YES;
				GCC_WARN_ABOUT_RETURN_TYPE = YES_ERROR;
				GCC_WARN_UNDECLARED_SELECTOR = YES;
				GCC_WARN_UNINITIALIZED_AUTOS = YES_AGGRESSIVE;
				GCC_WARN_UNUSED_FUNCTION = YES;
				GCC_WARN_UNUSED_VARIABLE = YES;
				IPHONEOS_DEPLOYMENT_TARGET = 14.1;
				MTL_ENABLE_DEBUG_INFO = INCLUDE_SOURCE;
				MTL_FAST_MATH = YES;
				ONLY_ACTIVE_ARCH = YES;
				SDKROOT = iphoneos;
				SWIFT_ACTIVE_COMPILATION_CONDITIONS = DEBUG;
				SWIFT_OPTIMIZATION_LEVEL = "-Onone";
			};
			name = Debug;
		};
		6F38B4F025553C80002AD957 /* Release */ = {
			isa = XCBuildConfiguration;
			buildSettings = {
				ALWAYS_SEARCH_USER_PATHS = NO;
				CLANG_ANALYZER_NONNULL = YES;
				CLANG_ANALYZER_NUMBER_OBJECT_CONVERSION = YES_AGGRESSIVE;
				CLANG_CXX_LANGUAGE_STANDARD = "gnu++14";
				CLANG_CXX_LIBRARY = "libc++";
				CLANG_ENABLE_MODULES = YES;
				CLANG_ENABLE_OBJC_ARC = YES;
				CLANG_ENABLE_OBJC_WEAK = YES;
				CLANG_WARN_BLOCK_CAPTURE_AUTORELEASING = YES;
				CLANG_WARN_BOOL_CONVERSION = YES;
				CLANG_WARN_COMMA = YES;
				CLANG_WARN_CONSTANT_CONVERSION = YES;
				CLANG_WARN_DEPRECATED_OBJC_IMPLEMENTATIONS = YES;
				CLANG_WARN_DIRECT_OBJC_ISA_USAGE = YES_ERROR;
				CLANG_WARN_DOCUMENTATION_COMMENTS = YES;
				CLANG_WARN_EMPTY_BODY = YES;
				CLANG_WARN_ENUM_CONVERSION = YES;
				CLANG_WARN_INFINITE_RECURSION = YES;
				CLANG_WARN_INT_CONVERSION = YES;
				CLANG_WARN_NON_LITERAL_NULL_CONVERSION = YES;
				CLANG_WARN_OBJC_IMPLICIT_RETAIN_SELF = YES;
				CLANG_WARN_OBJC_LITERAL_CONVERSION = YES;
				CLANG_WARN_OBJC_ROOT_CLASS = YES_ERROR;
				CLANG_WARN_QUOTED_INCLUDE_IN_FRAMEWORK_HEADER = YES;
				CLANG_WARN_RANGE_LOOP_ANALYSIS = YES;
				CLANG_WARN_STRICT_PROTOTYPES = YES;
				CLANG_WARN_SUSPICIOUS_MOVE = YES;
				CLANG_WARN_UNGUARDED_AVAILABILITY = YES_AGGRESSIVE;
				CLANG_WARN_UNREACHABLE_CODE = YES;
				CLANG_WARN__DUPLICATE_METHOD_MATCH = YES;
				COPY_PHASE_STRIP = NO;
				DEBUG_INFORMATION_FORMAT = "dwarf-with-dsym";
				ENABLE_NS_ASSERTIONS = NO;
				ENABLE_STRICT_OBJC_MSGSEND = YES;
				GCC_C_LANGUAGE_STANDARD = gnu11;
				GCC_NO_COMMON_BLOCKS = YES;
				GCC_WARN_64_TO_32_BIT_CONVERSION = YES;
				GCC_WARN_ABOUT_RETURN_TYPE = YES_ERROR;
				GCC_WARN_UNDECLARED_SELECTOR = YES;
				GCC_WARN_UNINITIALIZED_AUTOS = YES_AGGRESSIVE;
				GCC_WARN_UNUSED_FUNCTION = YES;
				GCC_WARN_UNUSED_VARIABLE = YES;
				IPHONEOS_DEPLOYMENT_TARGET = 14.1;
				MTL_ENABLE_DEBUG_INFO = NO;
				MTL_FAST_MATH = YES;
				SDKROOT = iphoneos;
				SWIFT_COMPILATION_MODE = wholemodule;
				SWIFT_OPTIMIZATION_LEVEL = "-O";
				VALIDATE_PRODUCT = YES;
			};
			name = Release;
		};
		6F38B4F225553C80002AD957 /* Debug */ = {
			isa = XCBuildConfiguration;
			buildSettings = {
				ASSETCATALOG_COMPILER_APPICON_NAME = AppIcon;
				ASSETCATALOG_COMPILER_GLOBAL_ACCENT_COLOR_NAME = AccentColor;
				CODE_SIGN_STYLE = Automatic;
				DEVELOPMENT_TEAM = BH26MDT64T;
				INFOPLIST_FILE = solarSystem/Info.plist;
				LD_RUNPATH_SEARCH_PATHS = (
					"$(inherited)",
					"@executable_path/Frameworks",
				);
				PRODUCT_BUNDLE_IDENTIFIER = b2banalytica.solarSystem;
				PRODUCT_NAME = "$(TARGET_NAME)";
				SWIFT_VERSION = 5.0;
				TARGETED_DEVICE_FAMILY = "1,2";
			};
			name = Debug;
		};
		6F38B4F325553C80002AD957 /* Release */ = {
			isa = XCBuildConfiguration;
			buildSettings = {
				ASSETCATALOG_COMPILER_APPICON_NAME = AppIcon;
				ASSETCATALOG_COMPILER_GLOBAL_ACCENT_COLOR_NAME = AccentColor;
				CODE_SIGN_STYLE = Automatic;
				DEVELOPMENT_TEAM = BH26MDT64T;
				INFOPLIST_FILE = solarSystem/Info.plist;
				LD_RUNPATH_SEARCH_PATHS = (
					"$(inherited)",
					"@executable_path/Frameworks",
				);
				PRODUCT_BUNDLE_IDENTIFIER = b2banalytica.solarSystem;
				PRODUCT_NAME = "$(TARGET_NAME)";
				SWIFT_VERSION = 5.0;
				TARGETED_DEVICE_FAMILY = "1,2";
			};
			name = Release;
		};
/* End XCBuildConfiguration section */

/* Begin XCConfigurationList section */
		6F38B4D825553C7A002AD957 /* Build configuration list for PBXProject "solarSystem" */ = {
			isa = XCConfigurationList;
			buildConfigurations = (
				6F38B4EF25553C80002AD957 /* Debug */,
				6F38B4F025553C80002AD957 /* Release */,
			);
			defaultConfigurationIsVisible = 0;
			defaultConfigurationName = Release;
		};
		6F38B4F125553C80002AD957 /* Build configuration list for PBXNativeTarget "solarSystem" */ = {
			isa = XCConfigurationList;
			buildConfigurations = (
				6F38B4F225553C80002AD957 /* Debug */,
				6F38B4F325553C80002AD957 /* Release */,
			);
			defaultConfigurationIsVisible = 0;
			defaultConfigurationName = Release;
		};
/* End XCConfigurationList section */
	};
	rootObject = 6F38B4D525553C7A002AD957 /* Project object */;
}
